
Microsoft Visual Studio Solution File, Format Version 12.00
# Visual Studio Version 17
VisualStudioVersion = 17.10.35013.160
MinimumVisualStudioVersion = 10.0.40219.1
Project("{FAE04EC0-301F-11D3-BF4B-00C04F79EFBC}") = "Main", "Main\Main.csproj", "{A271275D-8A5E-4A87-8F75-8203F4C836BD}"
EndProject
Global
	GlobalSection(SolutionConfigurationPlatforms) = preSolution
		Debug|Any CPU = Debug|Any CPU
		Release|Any CPU = Release|Any CPU
	EndGlobalSection
	GlobalSection(ProjectConfigurationPlatforms) = postSolution
		{A271275D-8A5E-4A87-8F75-8203F4C836BD}.Debug|Any CPU.ActiveCfg = Debug|Any CPU
		{A271275D-8A5E-4A87-8F75-8203F4C836BD}.Debug|Any CPU.Build.0 = Debug|Any CPU
		{A271275D-8A5E-4A87-8F75-8203F4C836BD}.Release|Any CPU.ActiveCfg = Release|Any CPU
		{A271275D-8A5E-4A87-8F75-8203F4C836BD}.Release|Any CPU.Build.0 = Release|Any CPU
	EndGlobalSection
	GlobalSection(SolutionProperties) = preSolution
		HideSolutionNode = FALSE
	EndGlobalSection
	GlobalSection(ExtensibilityGlobals) = postSolution
		SolutionGuid = {EB3DCC15-3645-42C7-81FD-04D4D4137E32}
	EndGlobalSection
EndGlobal
